{
  "requires": true,
  "lockfileVersion": 1,
  "dependencies": {
    "@types/distributions": {
      "version": "2.0.0",
      "resolved": "https://registry.npmjs.org/@types/distributions/-/distributions-2.0.0.tgz",
      "integrity": "sha512-zReXUKU7xax3C22un+5NCNA73LcNQ/SjEYHfqCPTeWv7l7PaoJApkcoz8RQeQgpLlTJB3NA4DESek74t2nSOlw=="
    },
    "cephes": {
      "version": "1.2.0",
      "resolved": "https://registry.npmjs.org/cephes/-/cephes-1.2.0.tgz",
      "integrity": "sha512-twuUuJRrIrsELHz6foJtZlqrz6FC36zoHZJvvThsrM1UWPKxyoilw1Rka6Hk0AmPFKHKUoGwGfAtvNZNtNZu0g==",
      "dev": true
    },
    "distributions": {
      "version": "2.1.0",
      "resolved": "https://registry.npmjs.org/distributions/-/distributions-2.1.0.tgz",
      "integrity": "sha512-4eov7WXRip5Tu0K7Y51W1oVt+DcvkoE0EzsvbLzgedC/n4PUpYXHqk6vo/OH1HteBHp5Vm6cmfnInf9NAXM4qQ==",
      "dev": true,
      "requires": {
        "cephes": "^1.1.2"
      }
    }
  }
}
